
Microsoft Visual Studio Solution File, Format Version 12.00
# Visual Studio Version 16
VisualStudioVersion = 16.0.30104.148
MinimumVisualStudioVersion = 10.0.40219.1
Project("{FAE04EC0-301F-11D3-BF4B-00C04F79EFBC}") = "ProjetoXadrez", "ProjetoXadrez\ProjetoXadrez.csproj", "{CC65AA18-8EB9-4F12-998D-F3E51B4748AA}"
EndProject
Global
	GlobalSection(SolutionConfigurationPlatforms) = preSolution
		Debug|Any CPU = Debug|Any CPU
		Release|Any CPU = Release|Any CPU
	EndGlobalSection
	GlobalSection(ProjectConfigurationPlatforms) = postSolution
		{CC65AA18-8EB9-4F12-998D-F3E51B4748AA}.Debug|Any CPU.ActiveCfg = Debug|Any CPU
		{CC65AA18-8EB9-4F12-998D-F3E51B4748AA}.Debug|Any CPU.Build.0 = Debug|Any CPU
		{CC65AA18-8EB9-4F12-998D-F3E51B4748AA}.Release|Any CPU.ActiveCfg = Release|Any CPU
		{CC65AA18-8EB9-4F12-998D-F3E51B4748AA}.Release|Any CPU.Build.0 = Release|Any CPU
	EndGlobalSection
	GlobalSection(SolutionProperties) = preSolution
		HideSolutionNode = FALSE
	EndGlobalSection
	GlobalSection(ExtensibilityGlobals) = postSolution
		SolutionGuid = {2813E9B2-C09F-426F-B94C-D43BDDAF58A0}
	EndGlobalSection
EndGlobal
